{
  "originHash" : "e0aa5d3df072ce738099c909d22cdd0f84c1ed7586acd75868017d5ea3f08b11",
  "pins" : [
    {
      "identity" : "abseil-cpp-binary",
      "kind" : "remoteSourceControl",
      "location" : "https://github.com/google/abseil-cpp-binary.git",
      "state" : {
        "revision" : "194a6706acbd25e4ef639bcaddea16e8758a3e27",
        "version" : "1.2024011602.0"
      }
    },
    {
      "identity" : "adjust_signature_sdk",
      "kind" : "remoteSourceControl",
      "location" : "https://github.com/adjust/adjust_signature_sdk.git",
      "state" : {
        "revision" : "cf7f35006fc012e653d193b712d69afb9309fa55",
        "version" : "3.20.1"
      }
    },
    {
      "identity" : "amplitude-ios",
      "kind" : "remoteSourceControl",
      "location" : "https://github.com/amplitude/Amplitude-iOS",
      "state" : {
        "revision" : "681c49824a2b011256f3e66ab910f2e514629bd3",
        "version" : "8.21.0"
      }
    },
    {
      "identity" : "analytics-connector-ios",
      "kind" : "remoteSourceControl",
      "location" : "https://github.com/amplitude/analytics-connector-ios.git",
      "state" : {
        "revision" : "e2ca17ac735bcbc48b13062484541702ef45153d",
        "version" : "1.0.3"
      }
    },
    {
      "identity" : "app-check",
      "kind" : "remoteSourceControl",
      "location" : "https://github.com/google/app-check.git",
      "state" : {
        "revision" : "21fe1af9be463a359aaf8d96789ef73fc3760d09",
        "version" : "11.0.1"
      }
    },
    {
      "identity" : "appboy-ios-sdk",
      "kind" : "remoteSourceControl",
      "location" : "https://github.com/Appboy/appboy-ios-sdk",
      "state" : {
        "revision" : "2afdd54b17189e8e37c491eb3f400f72be877017",
        "version" : "4.7.0"
      }
    },
    {
      "identity" : "appcenter-sdk-apple",
      "kind" : "remoteSourceControl",
      "location" : "https://github.com/microsoft/appcenter-sdk-apple",
      "state" : {
        "revision" : "ab54f758243f282d290b33027e8aac910d3d859a",
        "version" : "5.0.5"
      }
    },
    {
      "identity" : "apple-swiftpackage-kochavameasurement-xcframework",
      "kind" : "remoteSourceControl",
      "location" : "https://github.com/Kochava/Apple-SwiftPackage-KochavaMeasurement-XCFramework",
      "state" : {
        "revision" : "06dbfb210655c0189dbe3ffafbfa84fa48b87929",
        "version" : "8.4.1"
      }
    },
    {
      "identity" : "apple-swiftpackage-kochavanetworking-xcframework",
      "kind" : "remoteSourceControl",
      "location" : "https://github.com/Kochava/Apple-SwiftPackage-KochavaNetworking-XCFramework",
      "state" : {
        "revision" : "e9b3b42010da1eea5e8e780009be81d01d3581fa",
        "version" : "8.4.1"
      }
    },
    {
      "identity" : "appsflyerframework",
      "kind" : "remoteSourceControl",
      "location" : "https://github.com/AppsFlyerSDK/AppsFlyerFramework",
      "state" : {
        "revision" : "af34494864065f56bd769aa76db954fb0035cf96",
        "version" : "6.15.1"
      }
    },
    {
      "identity" : "countly-sdk-ios",
      "kind" : "remoteSourceControl",
      "location" : "https://github.com/Countly/countly-sdk-ios",
      "state" : {
        "revision" : "19da125cee710e79078c79d48fca55a2d109a4b5",
        "version" : "24.7.1"
      }
    },
    {
      "identity" : "facebook-ios-sdk",
      "kind" : "remoteSourceControl",
      "location" : "https://github.com/facebook/facebook-ios-sdk",
      "state" : {
        "revision" : "2b87f9dd8adc2766dc4dbfd1ee4333bcf0167b4e",
        "version" : "17.0.3"
      }
    },
    {
      "identity" : "firebase-ios-sdk",
      "kind" : "remoteSourceControl",
      "location" : "https://github.com/firebase/firebase-ios-sdk",
      "state" : {
        "revision" : "9118aca998dbe2ceac45d64b21a91c6376928df7",
        "version" : "11.1.0"
      }
    },
    {
      "identity" : "googleappmeasurement",
      "kind" : "remoteSourceControl",
      "location" : "https://github.com/google/GoogleAppMeasurement.git",
      "state" : {
        "revision" : "07a2f57d147d2bf368a0d2dcb5579ff082d9e44f",
        "version" : "11.1.0"
      }
    },
    {
      "identity" : "googledatatransport",
      "kind" : "remoteSourceControl",
      "location" : "https://github.com/google/GoogleDataTransport.git",
      "state" : {
        "revision" : "617af071af9aa1d6a091d59a202910ac482128f9",
        "version" : "10.1.0"
      }
    },
    {
      "identity" : "googleutilities",
      "kind" : "remoteSourceControl",
      "location" : "https://github.com/google/GoogleUtilities.git",
      "state" : {
        "revision" : "53156c7ec267db846e6b64c9f4c4e31ba4cf75eb",
        "version" : "8.0.2"
      }
    },
    {
      "identity" : "grpc-binary",
      "kind" : "remoteSourceControl",
      "location" : "https://github.com/google/grpc-binary.git",
      "state" : {
        "revision" : "f56d8fc3162de9a498377c7b6cea43431f4f5083",
        "version" : "1.65.1"
      }
    },
    {
      "identity" : "gtm-session-fetcher",
      "kind" : "remoteSourceControl",
      "location" : "https://github.com/google/gtm-session-fetcher.git",
      "state" : {
        "revision" : "a2ab612cb980066ee56d90d60d8462992c07f24b",
        "version" : "3.5.0"
      }
    },
    {
      "identity" : "heap-ios-sdk",
      "kind" : "remoteSourceControl",
      "location" : "https://github.com/heap/heap-ios-sdk",
      "state" : {
        "revision" : "ebb29dcd3181f11715b07b54dff909e3bdedba3b",
        "version" : "9.1.0"
      }
    },
    {
      "identity" : "instabug-sp",
      "kind" : "remoteSourceControl",
      "location" : "https://github.com/Instabug/Instabug-SP",
      "state" : {
        "revision" : "8c8b0b01ce812db83a80a27338e20578e99bc1d4",
        "version" : "13.3.0"
      }
    },
    {
      "identity" : "interop-ios-for-google-sdks",
      "kind" : "remoteSourceControl",
      "location" : "https://github.com/google/interop-ios-for-google-sdks.git",
      "state" : {
        "revision" : "2d12673670417654f08f5f90fdd62926dc3a2648",
        "version" : "100.0.0"
      }
    },
    {
      "identity" : "ios_sdk",
      "kind" : "remoteSourceControl",
      "location" : "https://github.com/adjust/ios_sdk",
      "state" : {
        "revision" : "81037ba7ccb3c56494ab19295ac5ca747c234e02",
        "version" : "5.0.0"
      }
    },
    {
      "identity" : "leveldb",
      "kind" : "remoteSourceControl",
      "location" : "https://github.com/firebase/leveldb.git",
      "state" : {
        "revision" : "a0bc79961d7be727d258d33d5a6b2f1023270ba1",
        "version" : "1.22.5"
      }
    },
    {
      "identity" : "localytics-swiftpm",
      "kind" : "remoteSourceControl",
      "location" : "https://github.com/localytics/Localytics-swiftpm.git",
      "state" : {
        "revision" : "65b9da6e4d7c5e2cb625ce19370382a6804208cf",
        "version" : "6.3.1"
      }
    },
    {
      "identity" : "mixpanel-iphone",
      "kind" : "remoteSourceControl",
      "location" : "https://github.com/mixpanel/mixpanel-iphone",
      "state" : {
        "revision" : "8fc7115d3294a29ded42926301d5d45c417d8113",
        "version" : "5.0.7"
      }
    },
    {
      "identity" : "nanopb",
      "kind" : "remoteSourceControl",
      "location" : "https://github.com/firebase/nanopb.git",
      "state" : {
        "revision" : "b7e1104502eca3a213b46303391ca4d3bc8ddec1",
        "version" : "2.30910.0"
      }
    },
    {
      "identity" : "plcrashreporter",
      "kind" : "remoteSourceControl",
      "location" : "https://github.com/microsoft/PLCrashReporter.git",
      "state" : {
        "revision" : "6752f71de206f6a53fa6a758c3660fd9a7fe7527",
        "version" : "1.11.2"
      }
    },
    {
      "identity" : "promises",
      "kind" : "remoteSourceControl",
      "location" : "https://github.com/google/promises.git",
      "state" : {
        "revision" : "540318ecedd63d883069ae7f1ed811a2df00b6ac",
        "version" : "2.4.0"
      }
    },
    {
      "identity" : "sdwebimage",
      "kind" : "remoteSourceControl",
      "location" : "https://github.com/SDWebImage/SDWebImage.git",
      "state" : {
        "revision" : "8a1be70a625683bc04d6903e2935bf23f3c6d609",
        "version" : "5.19.7"
      }
    },
    {
      "identity" : "spm",
      "kind" : "remoteSourceControl",
      "location" : "https://github.com/bugsee/spm",
      "state" : {
        "revision" : "a8f55566d9adbbb3e48d04632b4eb345ca6096ab",
        "version" : "5.3.0"
      }
    },
    {
      "identity" : "swift-analytics",
      "kind" : "remoteSourceControl",
      "location" : "https://github.com/dankinsoid/swift-analytics.git",
      "state" : {
        "revision" : "491ef60f39bc62a98396ea7f89d1bfd996888162",
        "version" : "1.9.0"
      }
    },
    {
      "identity" : "swift-log",
      "kind" : "remoteSourceControl",
      "location" : "https://github.com/apple/swift-log.git",
      "state" : {
        "revision" : "9cb486020ebf03bfa5b5df985387a14a98744537",
        "version" : "1.6.1"
      }
    },
    {
      "identity" : "swift-metrics",
      "kind" : "remoteSourceControl",
      "location" : "https://github.com/apple/swift-metrics.git",
      "state" : {
        "revision" : "e0165b53d49b413dd987526b641e05e246782685",
        "version" : "2.5.0"
      }
    },
    {
      "identity" : "swift-protobuf",
      "kind" : "remoteSourceControl",
      "location" : "https://github.com/apple/swift-protobuf.git",
      "state" : {
        "revision" : "564597ad2fe2513a94dd8f3ba27ea2ff4be3cb37",
        "version" : "1.28.0"
      }
    },
    {
      "identity" : "swiftanalyticskit",
      "kind" : "remoteSourceControl",
      "location" : "https://github.com/SwiftyLab/SwiftAnalyticsKit.git",
      "state" : {
        "revision" : "d03f688f1338fb9e5acfd0945051caaec022f3d8",
        "version" : "1.0.0"
      }
    },
    {
      "identity" : "taplytics-ios-sdk",
      "kind" : "remoteSourceControl",
      "location" : "https://github.com/taplytics/taplytics-ios-sdk",
      "state" : {
        "revision" : "70e273ea853c24465a3b9e7949b5f70ef1266d90",
        "version" : "4.3.0"
      }
    },
    {
      "identity" : "uxcam-ios-sdk",
      "kind" : "remoteSourceControl",
      "location" : "https://github.com/uxcam/uxcam-ios-sdk",
      "state" : {
        "revision" : "d18828fbf1d62a02fe122fb949300cccff90a26d",
        "version" : "3.6.15"
      }
    }
  ],
  "version" : 3
}
